// !$*UTF8*$!
{
	archiveVersion = 1;
	classes = {
	};
	objectVersion = 46;
	objects = {

/* Begin PBXBuildFile section */
		4DE7C4F81AC93B1400DF1550 /* main.m in Sources */ = {isa = PBXBuildFile; fileRef = 4DE7C4F71AC93B1400DF1550 /* main.m */; };
		4DE7C4FB1AC93B1400DF1550 /* AppDelegate.m in Sources */ = {isa = PBXBuildFile; fileRef = 4DE7C4FA1AC93B1400DF1550 /* AppDelegate.m */; };
		4DE7C4FE1AC93B1400DF1550 /* ViewController.m in Sources */ = {isa = PBXBuildFile; fileRef = 4DE7C4FD1AC93B1400DF1550 /* ViewController.m */; };
		4DE7C5011AC93B1400DF1550 /* Main.storyboard in Resources */ = {isa = PBXBuildFile; fileRef = 4DE7C4FF1AC93B1400DF1550 /* Main.storyboard */; };
		4DE7C5031AC93B1400DF1550 /* Images.xcassets in Resources */ = {isa = PBXBuildFile; fileRef = 4DE7C5021AC93B1400DF1550 /* Images.xcassets */; };
		4DE7C5061AC93B1400DF1550 /* LaunchScreen.xib in Resources */ = {isa = PBXBuildFile; fileRef = 4DE7C5041AC93B1400DF1550 /* LaunchScreen.xib */; };
		4DE7C5121AC93B1400DF1550 /* YKLoopViewTests.m in Sources */ = {isa = PBXBuildFile; fileRef = 4DE7C5111AC93B1400DF1550 /* YKLoopViewTests.m */; };
/* End PBXBuildFile section */

/* Begin PBXContainerItemProxy section */
		4DE7C50C1AC93B1400DF1550 /* PBXContainerItemProxy */ = {
			isa = PBXContainerItemProxy;
			containerPortal = 4DE7C4EA1AC93B1400DF1550 /* Project object */;
			proxyType = 1;
			remoteGlobalIDString = 4DE7C4F11AC93B1400DF1550;
			remoteInfo = YKLoopView;
		};
/* End PBXContainerItemProxy section */

/* Begin PBXFileReference section */
		4DE7C4F21AC93B1400DF1550 /* YKLoopView.app */ = {isa = PBXFileReference; explicitFileType = wrapper.application; includeInIndex = 0; path = YKLoopView.app; sourceTree = BUILT_PRODUCTS_DIR; };
		4DE7C4F61AC93B1400DF1550 /* Info.plist */ = {isa = PBXFileReference; lastKnownFileType = text.plist.xml; path = Info.plist; sourceTree = "<group>"; };
		4DE7C4F71AC93B1400DF1550 /* main.m */ = {isa = PBXFileReference; lastKnownFileType = sourcecode.c.objc; path = main.m; sourceTree = "<group>"; };
		4DE7C4F91AC93B1400DF1550 /* AppDelegate.h */ = {isa = PBXFileReference; lastKnownFileType = sourcecode.c.h; path = AppDelegate.h; sourceTree = "<group>"; };
		4DE7C4FA1AC93B1400DF1550 /* AppDelegate.m */ = {isa = PBXFileReference; lastKnownFileType = sourcecode.c.objc; path = AppDelegate.m; sourceTree = "<group>"; };
		4DE7C4FC1AC93B1400DF1550 /* ViewController.h */ = {isa = PBXFileReference; lastKnownFileType = sourcecode.c.h; path = ViewController.h; sourceTree = "<group>"; };
		4DE7C4FD1AC93B1400DF1550 /* ViewController.m */ = {isa = PBXFileReference; lastKnownFileType = sourcecode.c.objc; path = ViewController.m; sourceTree = "<group>"; };
		4DE7C5001AC93B1400DF1550 /* Base */ = {isa = PBXFileReference; lastKnownFileType = file.storyboard; name = Base; path = Base.lproj/Main.storyboard; sourceTree = "<group>"; };
		4DE7C5021AC93B1400DF1550 /* Images.xcassets */ = {isa = PBXFileReference; lastKnownFileType = folder.assetcatalog; path = Images.xcassets; sourceTree = "<group>"; };
		4DE7C5051AC93B1400DF1550 /* Base */ = {isa = PBXFileReference; lastKnownFileType = file.xib; name = Base; path = Base.lproj/LaunchScreen.xib; sourceTree = "<group>"; };
		4DE7C50B1AC93B1400DF1550 /* YKLoopViewTests.xctest */ = {isa = PBXFileReference; explicitFileType = wrapper.cfbundle; includeInIndex = 0; path = YKLoopViewTests.xctest; sourceTree = BUILT_PRODUCTS_DIR; };
		4DE7C5101AC93B1400DF1550 /* Info.plist */ = {isa = PBXFileReference; lastKnownFileType = text.plist.xml; path = Info.plist; sourceTree = "<group>"; };
		4DE7C5111AC93B1400DF1550 /* YKLoopViewTests.m */ = {isa = PBXFileReference; lastKnownFileType = sourcecode.c.objc; path = YKLoopViewTests.m; sourceTree = "<group>"; };
/* End PBXFileReference section */

/* Begin PBXFrameworksBuildPhase section */
		4DE7C4EF1AC93B1400DF1550 /* Frameworks */ = {
			isa = PBXFrameworksBuildPhase;
			buildActionMask = 2147483647;
			files = (
			);
			runOnlyForDeploymentPostprocessing = 0;
		};
		4DE7C5081AC93B1400DF1550 /* Frameworks */ = {
			isa = PBXFrameworksBuildPhase;
			buildActionMask = 2147483647;
			files = (
			);
			runOnlyForDeploymentPostprocessing = 0;
		};
/* End PBXFrameworksBuildPhase section */

/* Begin PBXGroup section */
		4DE7C4E91AC93B1400DF1550 = {
			isa = PBXGroup;
			children = (
				4DE7C4F41AC93B1400DF1550 /* YKLoopView */,
				4DE7C50E1AC93B1400DF1550 /* YKLoopViewTests */,
				4DE7C4F31AC93B1400DF1550 /* Products */,
			);
			sourceTree = "<group>";
		};
		4DE7C4F31AC93B1400DF1550 /* Products */ = {
			isa = PBXGroup;
			children = (
				4DE7C4F21AC93B1400DF1550 /* YKLoopView.app */,
				4DE7C50B1AC93B1400DF1550 /* YKLoopViewTests.xctest */,
			);
			name = Products;
			sourceTree = "<group>";
		};
		4DE7C4F41AC93B1400DF1550 /* YKLoopView */ = {
			isa = PBXGroup;
			children = (
				4DE7C4F91AC93B1400DF1550 /* AppDelegate.h */,
				4DE7C4FA1AC93B1400DF1550 /* AppDelegate.m */,
				4DE7C4FC1AC93B1400DF1550 /* ViewController.h */,
				4DE7C4FD1AC93B1400DF1550 /* ViewController.m */,
				4DE7C4FF1AC93B1400DF1550 /* Main.storyboard */,
				4DE7C5021AC93B1400DF1550 /* Images.xcassets */,
				4DE7C5041AC93B1400DF1550 /* LaunchScreen.xib */,
				4DE7C4F51AC93B1400DF1550 /* Supporting Files */,
			);
			path = YKLoopView;
			sourceTree = "<group>";
		};
		4DE7C4F51AC93B1400DF1550 /* Supporting Files */ = {
			isa = PBXGroup;
			children = (
				4DE7C4F61AC93B1400DF1550 /* Info.plist */,
				4DE7C4F71AC93B1400DF1550 /* main.m */,
			);
			name = "Supporting Files";
			sourceTree = "<group>";
		};
		4DE7C50E1AC93B1400DF1550 /* YKLoopViewTests */ = {
			isa = PBXGroup;
			children = (
				4DE7C5111AC93B1400DF1550 /* YKLoopViewTests.m */,
				4DE7C50F1AC93B1400DF1550 /* Supporting Files */,
			);
			path = YKLoopViewTests;
			sourceTree = "<group>";
		};
		4DE7C50F1AC93B1400DF1550 /* Supporting Files */ = {
			isa = PBXGroup;
			children = (
				4DE7C5101AC93B1400DF1550 /* Info.plist */,
			);
			name = "Supporting Files";
			sourceTree = "<group>";
		};
/* End PBXGroup section */

/* Begin PBXNativeTarget section */
		4DE7C4F11AC93B1400DF1550 /* YKLoopView */ = {
			isa = PBXNativeTarget;
			buildConfigurationList = 4DE7C5151AC93B1400DF1550 /* Build configuration list for PBXNativeTarget "YKLoopView" */;
			buildPhases = (
				4DE7C4EE1AC93B1400DF1550 /* Sources */,
				4DE7C4EF1AC93B1400DF1550 /* Frameworks */,
				4DE7C4F01AC93B1400DF1550 /* Resources */,
			);
			buildRules = (
			);
			dependencies = (
			);
			name = YKLoopView;
			productName = YKLoopView;
			productReference = 4DE7C4F21AC93B1400DF1550 /* YKLoopView.app */;
			productType = "com.apple.product-type.application";
		};
		4DE7C50A1AC93B1400DF1550 /* YKLoopViewTests */ = {
			isa = PBXNativeTarget;
			buildConfigurationList = 4DE7C5181AC93B1400DF1550 /* Build configuration list for PBXNativeTarget "YKLoopViewTests" */;
			buildPhases = (
				4DE7C5071AC93B1400DF1550 /* Sources */,
				4DE7C5081AC93B1400DF1550 /* Frameworks */,
				4DE7C5091AC93B1400DF1550 /* Resources */,
			);
			buildRules = (
			);
			dependencies = (
				4DE7C50D1AC93B1400DF1550 /* PBXTargetDependency */,
			);
			name = YKLoopViewTests;
			productName = YKLoopViewTests;
			productReference = 4DE7C50B1AC93B1400DF1550 /* YKLoopViewTests.xctest */;
			productType = "com.apple.product-type.bundle.unit-test";
		};
/* End PBXNativeTarget section */

/* Begin PBXProject section */
		4DE7C4EA1AC93B1400DF1550 /* Project object */ = {
			isa = PBXProject;
			attributes = {
				LastUpgradeCheck = 0620;
				ORGANIZATIONNAME = yq;
				TargetAttributes = {
					4DE7C4F11AC93B1400DF1550 = {
						CreatedOnToolsVersion = 6.2;
					};
					4DE7C50A1AC93B1400DF1550 = {
						CreatedOnToolsVersion = 6.2;
						TestTargetID = 4DE7C4F11AC93B1400DF1550;
					};
				};
			};
			buildConfigurationList = 4DE7C4ED1AC93B1400DF1550 /* Build configuration list for PBXProject "YKLoopView" */;
			compatibilityVersion = "Xcode 3.2";
			developmentRegion = English;
			hasScannedForEncodings = 0;
			knownRegions = (
				en,
				Base,
			);
			mainGroup = 4DE7C4E91AC93B1400DF1550;
			productRefGroup = 4DE7C4F31AC93B1400DF1550 /* Products */;
			projectDirPath = "";
			projectRoot = "";
			targets = (
				4DE7C4F11AC93B1400DF1550 /* YKLoopView */,
				4DE7C50A1AC93B1400DF1550 /* YKLoopViewTests */,
			);
		};
/* End PBXProject section */

/* Begin PBXResourcesBuildPhase section */
		4DE7C4F01AC93B1400DF1550 /* Resources */ = {
			isa = PBXResourcesBuildPhase;
			buildActionMask = 2147483647;
			files = (
				4DE7C5011AC93B1400DF1550 /* Main.storyboard in Resources */,
				4DE7C5061AC93B1400DF1550 /* LaunchScreen.xib in Resources */,
				4DE7C5031AC93B1400DF1550 /* Images.xcassets in Resources */,
			);
			runOnlyForDeploymentPostprocessing = 0;
		};
		4DE7C5091AC93B1400DF1550 /* Resources */ = {
			isa = PBXResourcesBuildPhase;
			buildActionMask = 2147483647;
			files = (
			);
			runOnlyForDeploymentPostprocessing = 0;
		};
/* End PBXResourcesBuildPhase section */

/* Begin PBXSourcesBuildPhase section */
		4DE7C4EE1AC93B1400DF1550 /* Sources */ = {
			isa = PBXSourcesBuildPhase;
			buildActionMask = 2147483647;
			files = (
				4DE7C4FE1AC93B1400DF1550 /* ViewController.m in Sources */,
				4DE7C4FB1AC93B1400DF1550 /* AppDelegate.m in Sources */,
				4DE7C4F81AC93B1400DF1550 /* main.m in Sources */,
			);
			runOnlyForDeploymentPostprocessing = 0;
		};
		4DE7C5071AC93B1400DF1550 /* Sources */ = {
			isa = PBXSourcesBuildPhase;
			buildActionMask = 2147483647;
			files = (
				4DE7C5121AC93B1400DF1550 /* YKLoopViewTests.m in Sources */,
			);
			runOnlyForDeploymentPostprocessing = 0;
		};
/* End PBXSourcesBuildPhase section */

/* Begin PBXTargetDependency section */
		4DE7C50D1AC93B1400DF1550 /* PBXTargetDependency */ = {
			isa = PBXTargetDependency;
			target = 4DE7C4F11AC93B1400DF1550 /* YKLoopView */;
			targetProxy = 4DE7C50C1AC93B1400DF1550 /* PBXContainerItemProxy */;
		};
/* End PBXTargetDependency section */

/* Begin PBXVariantGroup section */
		4DE7C4FF1AC93B1400DF1550 /* Main.storyboard */ = {
			isa = PBXVariantGroup;
			children = (
				4DE7C5001AC93B1400DF1550 /* Base */,
			);
			name = Main.storyboard;
			sourceTree = "<group>";
		};
		4DE7C5041AC93B1400DF1550 /* LaunchScreen.xib */ = {
			isa = PBXVariantGroup;
			children = (
				4DE7C5051AC93B1400DF1550 /* Base */,
			);
			name = LaunchScreen.xib;
			sourceTree = "<group>";
		};
/* End PBXVariantGroup section */

/* Begin XCBuildConfiguration section */
		4DE7C5131AC93B1400DF1550 /* Debug */ = {
			isa = XCBuildConfiguration;
			buildSettings = {
				ALWAYS_SEARCH_USER_PATHS = NO;
				CLANG_CXX_LANGUAGE_STANDARD = "gnu++0x";
				CLANG_CXX_LIBRARY = "libc++";
				CLANG_ENABLE_MODULES = YES;
				CLANG_ENABLE_OBJC_ARC = YES;
				CLANG_WARN_BOOL_CONVERSION = YES;
				CLANG_WARN_CONSTANT_CONVERSION = YES;
				CLANG_WARN_DIRECT_OBJC_ISA_USAGE = YES_ERROR;
				CLANG_WARN_EMPTY_BODY = YES;
				CLANG_WARN_ENUM_CONVERSION = YES;
				CLANG_WARN_INT_CONVERSION = YES;
				CLANG_WARN_OBJC_ROOT_CLASS = YES_ERROR;
				CLANG_WARN_UNREACHABLE_CODE = YES;
				CLANG_WARN__DUPLICATE_METHOD_MATCH = YES;
				"CODE_SIGN_IDENTITY[sdk=iphoneos*]" = "iPhone Developer";
				COPY_PHASE_STRIP = NO;
				ENABLE_STRICT_OBJC_MSGSEND = YES;
				GCC_C_LANGUAGE_STANDARD = gnu99;
				GCC_DYNAMIC_NO_PIC = NO;
				GCC_OPTIMIZATION_LEVEL = 0;
				GCC_PREPROCESSOR_DEFINITIONS = (
					"DEBUG=1",
					"$(inherited)",
				);
				GCC_SYMBOLS_PRIVATE_EXTERN = NO;
				GCC_WARN_64_TO_32_BIT_CONVERSION = YES;
				GCC_WARN_ABOUT_RETURN_TYPE = YES_ERROR;
				GCC_WARN_UNDECLARED_SELECTOR = YES;
				GCC_WARN_UNINITIALIZED_AUTOS = YES_AGGRESSIVE;
				GCC_WARN_UNUSED_FUNCTION = YES;
				GCC_WARN_UNUSED_VARIABLE = YES;
				IPHONEOS_DEPLOYMENT_TARGET = 8.2;
				MTL_ENABLE_DEBUG_INFO = YES;
				ONLY_ACTIVE_ARCH = YES;
				SDKROOT = iphoneos;
			};
			name = Debug;
		};
		4DE7C5141AC93B1400DF1550 /* Release */ = {
			isa = XCBuildConfiguration;
			buildSettings = {
				ALWAYS_SEARCH_USER_PATHS = NO;
				CLANG_CXX_LANGUAGE_STANDARD = "gnu++0x";
				CLANG_CXX_LIBRARY = "libc++";
				CLANG_ENABLE_MODULES = YES;
				CLANG_ENABLE_OBJC_ARC = YES;
				CLANG_WARN_BOOL_CONVERSION = YES;
				CLANG_WARN_CONSTANT_CONVERSION = YES;
				CLANG_WARN_DIRECT_OBJC_ISA_USAGE = YES_ERROR;
				CLANG_WARN_EMPTY_BODY = YES;
				CLANG_WARN_ENUM_CONVERSION = YES;
				CLANG_WARN_INT_CONVERSION = YES;
				CLANG_WARN_OBJC_ROOT_CLASS = YES_ERROR;
				CLANG_WARN_UNREACHABLE_CODE = YES;
				CLANG_WARN__DUPLICATE_METHOD_MATCH = YES;
				"CODE_SIGN_IDENTITY[sdk=iphoneos*]" = "iPhone Developer";
				COPY_PHASE_STRIP = NO;
				ENABLE_NS_ASSERTIONS = NO;
				ENABLE_STRICT_OBJC_MSGSEND = YES;
				GCC_C_LANGUAGE_STANDARD = gnu99;
				GCC_WARN_64_TO_32_BIT_CONVERSION = YES;
				GCC_WARN_ABOUT_RETURN_TYPE = YES_ERROR;
				GCC_WARN_UNDECLARED_SELECTOR = YES;
				GCC_WARN_UNINITIALIZED_AUTOS = YES_AGGRESSIVE;
				GCC_WARN_UNUSED_FUNCTION = YES;
				GCC_WARN_UNUSED_VARIABLE = YES;
				IPHONEOS_DEPLOYMENT_TARGET = 8.2;
				MTL_ENABLE_DEBUG_INFO = NO;
				SDKROOT = iphoneos;
				VALIDATE_PRODUCT = YES;
			};
			name = Release;
		};
		4DE7C5161AC93B1400DF1550 /* Debug */ = {
			isa = XCBuildConfiguration;
			buildSettings = {
				ASSETCATALOG_COMPILER_APPICON_NAME = AppIcon;
				INFOPLIST_FILE = YKLoopView/Info.plist;
				LD_RUNPATH_SEARCH_PATHS = "$(inherited) @executable_path/Frameworks";
				PRODUCT_NAME = "$(TARGET_NAME)";
			};
			name = Debug;
		};
		4DE7C5171AC93B1400DF1550 /* Release */ = {
			isa = XCBuildConfiguration;
			buildSettings = {
				ASSETCATALOG_COMPILER_APPICON_NAME = AppIcon;
				INFOPLIST_FILE = YKLoopView/Info.plist;
				LD_RUNPATH_SEARCH_PATHS = "$(inherited) @executable_path/Frameworks";
				PRODUCT_NAME = "$(TARGET_NAME)";
			};
			name = Release;
		};
		4DE7C5191AC93B1400DF1550 /* Debug */ = {
			isa = XCBuildConfiguration;
			buildSettings = {
				BUNDLE_LOADER = "$(TEST_HOST)";
				FRAMEWORK_SEARCH_PATHS = (
					"$(SDKROOT)/Developer/Library/Frameworks",
					"$(inherited)",
				);
				GCC_PREPROCESSOR_DEFINITIONS = (
					"DEBUG=1",
					"$(inherited)",
				);
				INFOPLIST_FILE = YKLoopViewTests/Info.plist;
				LD_RUNPATH_SEARCH_PATHS = "$(inherited) @executable_path/Frameworks @loader_path/Frameworks";
				PRODUCT_NAME = "$(TARGET_NAME)";
				TEST_HOST = "$(BUILT_PRODUCTS_DIR)/YKLoopView.app/YKLoopView";
			};
			name = Debug;
		};
		4DE7C51A1AC93B1400DF1550 /* Release */ = {
			isa = XCBuildConfiguration;
			buildSettings = {
				BUNDLE_LOADER = "$(TEST_HOST)";
				FRAMEWORK_SEARCH_PATHS = (
					"$(SDKROOT)/Developer/Library/Frameworks",
					"$(inherited)",
				);
				INFOPLIST_FILE = YKLoopViewTests/Info.plist;
				LD_RUNPATH_SEARCH_PATHS = "$(inherited) @executable_path/Frameworks @loader_path/Frameworks";
				PRODUCT_NAME = "$(TARGET_NAME)";
				TEST_HOST = "$(BUILT_PRODUCTS_DIR)/YKLoopView.app/YKLoopView";
			};
			name = Release;
		};
/* End XCBuildConfiguration section */

/* Begin XCConfigurationList section */
		4DE7C4ED1AC93B1400DF1550 /* Build configuration list for PBXProject "YKLoopView" */ = {
			isa = XCConfigurationList;
			buildConfigurations = (
				4DE7C5131AC93B1400DF1550 /* Debug */,
				4DE7C5141AC93B1400DF1550 /* Release */,
			);
			defaultConfigurationIsVisible = 0;
			defaultConfigurationName = Release;
		};
		4DE7C5151AC93B1400DF1550 /* Build configuration list for PBXNativeTarget "YKLoopView" */ = {
			isa = XCConfigurationList;
			buildConfigurations = (
				4DE7C5161AC93B1400DF1550 /* Debug */,
				4DE7C5171AC93B1400DF1550 /* Release */,
			);
			defaultConfigurationIsVisible = 0;
		};
		4DE7C5181AC93B1400DF1550 /* Build configuration list for PBXNativeTarget "YKLoopViewTests" */ = {
			isa = XCConfigurationList;
			buildConfigurations = (
				4DE7C5191AC93B1400DF1550 /* Debug */,
				4DE7C51A1AC93B1400DF1550 /* Release */,
			);
			defaultConfigurationIsVisible = 0;
		};
/* End XCConfigurationList section */
	};
	rootObject = 4DE7C4EA1AC93B1400DF1550 /* Project object */;
}
